
Microsoft Visual Studio Solution File, Format Version 12.00
# Visual Studio Version 16
VisualStudioVersion = 16.0.33130.400
MinimumVisualStudioVersion = 10.0.40219.1
Project("{FAE04EC0-301F-11D3-BF4B-00C04F79EFBC}") = "BoardingHouseManagementSystem", "BoardingHouseManagementSystem\BoardingHouseManagementSystem.csproj", "{1C43803D-7621-4939-83DA-D1B5B06CF36B}"
EndProject
Global
	GlobalSection(SolutionConfigurationPlatforms) = preSolution
		Debug|Any CPU = Debug|Any CPU
		Release|Any CPU = Release|Any CPU
	EndGlobalSection
	GlobalSection(ProjectConfigurationPlatforms) = postSolution
		{1C43803D-7621-4939-83DA-D1B5B06CF36B}.Debug|Any CPU.ActiveCfg = Debug|Any CPU
		{1C43803D-7621-4939-83DA-D1B5B06CF36B}.Debug|Any CPU.Build.0 = Debug|Any CPU
		{1C43803D-7621-4939-83DA-D1B5B06CF36B}.Release|Any CPU.ActiveCfg = Release|Any CPU
		{1C43803D-7621-4939-83DA-D1B5B06CF36B}.Release|Any CPU.Build.0 = Release|Any CPU
	EndGlobalSection
	GlobalSection(SolutionProperties) = preSolution
		HideSolutionNode = FALSE
	EndGlobalSection
	GlobalSection(ExtensibilityGlobals) = postSolution
		SolutionGuid = {A6C4A77A-0EA4-478D-B83B-C8EFB2BB9739}
	EndGlobalSection
EndGlobal
